
Microsoft Visual Studio Solution File, Format Version 12.00
# Visual Studio Version 16
VisualStudioVersion = 16.0.29418.71
MinimumVisualStudioVersion = 10.0.40219.1
Project("{FAE04EC0-301F-11D3-BF4B-00C04F79EFBC}") = "ArmyTech_Task_SaeedAbdalWahab", "ArmyTech_Task_SaeedAbdalWahab.csproj", "{5F7E6793-19DB-4237-9DEA-0CC524DF0285}"
EndProject
Global
	GlobalSection(SolutionConfigurationPlatforms) = preSolution
		Debug|Any CPU = Debug|Any CPU
		Release|Any CPU = Release|Any CPU
	EndGlobalSection
	GlobalSection(ProjectConfigurationPlatforms) = postSolution
		{5F7E6793-19DB-4237-9DEA-0CC524DF0285}.Debug|Any CPU.ActiveCfg = Debug|Any CPU
		{5F7E6793-19DB-4237-9DEA-0CC524DF0285}.Debug|Any CPU.Build.0 = Debug|Any CPU
		{5F7E6793-19DB-4237-9DEA-0CC524DF0285}.Release|Any CPU.ActiveCfg = Release|Any CPU
		{5F7E6793-19DB-4237-9DEA-0CC524DF0285}.Release|Any CPU.Build.0 = Release|Any CPU
	EndGlobalSection
	GlobalSection(SolutionProperties) = preSolution
		HideSolutionNode = FALSE
	EndGlobalSection
	GlobalSection(ExtensibilityGlobals) = postSolution
		SolutionGuid = {8FA2529F-6597-4682-ADF8-FC8228D6B6D6}
	EndGlobalSection
EndGlobal
